// !$*UTF8*$!
{
	archiveVersion = 1;
	classes = {
	};
	objectVersion = 50;
	objects = {

/* Begin PBXBuildFile section */
		DB8955B025BF4A1100741CA6 /* AppDelegate.swift in Sources */ = {isa = PBXBuildFile; fileRef = DB8955AF25BF4A1100741CA6 /* AppDelegate.swift */; };
		DB8955B225BF4A1100741CA6 /* SceneDelegate.swift in Sources */ = {isa = PBXBuildFile; fileRef = DB8955B125BF4A1100741CA6 /* SceneDelegate.swift */; };
		DB8955B425BF4A1100741CA6 /* ViewController.swift in Sources */ = {isa = PBXBuildFile; fileRef = DB8955B325BF4A1100741CA6 /* ViewController.swift */; };
		DB8955B725BF4A1100741CA6 /* Main.storyboard in Resources */ = {isa = PBXBuildFile; fileRef = DB8955B525BF4A1100741CA6 /* Main.storyboard */; };
		DB8955B925BF4A1200741CA6 /* Assets.xcassets in Resources */ = {isa = PBXBuildFile; fileRef = DB8955B825BF4A1200741CA6 /* Assets.xcassets */; };
		DB8955BC25BF4A1200741CA6 /* LaunchScreen.storyboard in Resources */ = {isa = PBXBuildFile; fileRef = DB8955BA25BF4A1200741CA6 /* LaunchScreen.storyboard */; };
/* End PBXBuildFile section */

/* Begin PBXFileReference section */
		DB8955AC25BF4A1100741CA6 /* zapEfron.app */ = {isa = PBXFileReference; explicitFileType = wrapper.application; includeInIndex = 0; path = zapEfron.app; sourceTree = BUILT_PRODUCTS_DIR; };
		DB8955AF25BF4A1100741CA6 /* AppDelegate.swift */ = {isa = PBXFileReference; lastKnownFileType = sourcecode.swift; path = AppDelegate.swift; sourceTree = "<group>"; };
		DB8955B125BF4A1100741CA6 /* SceneDelegate.swift */ = {isa = PBXFileReference; lastKnownFileType = sourcecode.swift; path = SceneDelegate.swift; sourceTree = "<group>"; };
		DB8955B325BF4A1100741CA6 /* ViewController.swift */ = {isa = PBXFileReference; lastKnownFileType = sourcecode.swift; path = ViewController.swift; sourceTree = "<group>"; };
		DB8955B625BF4A1100741CA6 /* Base */ = {isa = PBXFileReference; lastKnownFileType = file.storyboard; name = Base; path = Base.lproj/Main.storyboard; sourceTree = "<group>"; };
		DB8955B825BF4A1200741CA6 /* Assets.xcassets */ = {isa = PBXFileReference; lastKnownFileType = folder.assetcatalog; path = Assets.xcassets; sourceTree = "<group>"; };
		DB8955BB25BF4A1200741CA6 /* Base */ = {isa = PBXFileReference; lastKnownFileType = file.storyboard; name = Base; path = Base.lproj/LaunchScreen.storyboard; sourceTree = "<group>"; };
		DB8955BD25BF4A1200741CA6 /* Info.plist */ = {isa = PBXFileReference; lastKnownFileType = text.plist.xml; path = Info.plist; sourceTree = "<group>"; };
/* End PBXFileReference section */

/* Begin PBXFrameworksBuildPhase section */
		DB8955A925BF4A1100741CA6 /* Frameworks */ = {
			isa = PBXFrameworksBuildPhase;
			buildActionMask = 2147483647;
			files = (
			);
			runOnlyForDeploymentPostprocessing = 0;
		};
/* End PBXFrameworksBuildPhase section */

/* Begin PBXGroup section */
		DB8955A325BF4A1100741CA6 = {
			isa = PBXGroup;
			children = (
				DB8955AE25BF4A1100741CA6 /* zapEfron */,
				DB8955AD25BF4A1100741CA6 /* Products */,
			);
			sourceTree = "<group>";
		};
		DB8955AD25BF4A1100741CA6 /* Products */ = {
			isa = PBXGroup;
			children = (
				DB8955AC25BF4A1100741CA6 /* zapEfron.app */,
			);
			name = Products;
			sourceTree = "<group>";
		};
		DB8955AE25BF4A1100741CA6 /* zapEfron */ = {
			isa = PBXGroup;
			children = (
				DB8955AF25BF4A1100741CA6 /* AppDelegate.swift */,
				DB8955B125BF4A1100741CA6 /* SceneDelegate.swift */,
				DB8955B325BF4A1100741CA6 /* ViewController.swift */,
				DB8955B525BF4A1100741CA6 /* Main.storyboard */,
				DB8955B825BF4A1200741CA6 /* Assets.xcassets */,
				DB8955BA25BF4A1200741CA6 /* LaunchScreen.storyboard */,
				DB8955BD25BF4A1200741CA6 /* Info.plist */,
			);
			path = zapEfron;
			sourceTree = "<group>";
		};
/* End PBXGroup section */

/* Begin PBXNativeTarget section */
		DB8955AB25BF4A1100741CA6 /* zapEfron */ = {
			isa = PBXNativeTarget;
			buildConfigurationList = DB8955C025BF4A1200741CA6 /* Build configuration list for PBXNativeTarget "zapEfron" */;
			buildPhases = (
				DB8955A825BF4A1100741CA6 /* Sources */,
				DB8955A925BF4A1100741CA6 /* Frameworks */,
				DB8955AA25BF4A1100741CA6 /* Resources */,
			);
			buildRules = (
			);
			dependencies = (
			);
			name = zapEfron;
			productName = zapEfron;
			productReference = DB8955AC25BF4A1100741CA6 /* zapEfron.app */;
			productType = "com.apple.product-type.application";
		};
/* End PBXNativeTarget section */

/* Begin PBXProject section */
		DB8955A425BF4A1100741CA6 /* Project object */ = {
			isa = PBXProject;
			attributes = {
				LastSwiftUpdateCheck = 1230;
				LastUpgradeCheck = 1230;
				TargetAttributes = {
					DB8955AB25BF4A1100741CA6 = {
						CreatedOnToolsVersion = 12.3;
					};
				};
			};
			buildConfigurationList = DB8955A725BF4A1100741CA6 /* Build configuration list for PBXProject "zapEfron" */;
			compatibilityVersion = "Xcode 9.3";
			developmentRegion = en;
			hasScannedForEncodings = 0;
			knownRegions = (
				en,
				Base,
			);
			mainGroup = DB8955A325BF4A1100741CA6;
			productRefGroup = DB8955AD25BF4A1100741CA6 /* Products */;
			projectDirPath = "";
			projectRoot = "";
			targets = (
				DB8955AB25BF4A1100741CA6 /* zapEfron */,
			);
		};
/* End PBXProject section */

/* Begin PBXResourcesBuildPhase section */
		DB8955AA25BF4A1100741CA6 /* Resources */ = {
			isa = PBXResourcesBuildPhase;
			buildActionMask = 2147483647;
			files = (
				DB8955BC25BF4A1200741CA6 /* LaunchScreen.storyboard in Resources */,
				DB8955B925BF4A1200741CA6 /* Assets.xcassets in Resources */,
				DB8955B725BF4A1100741CA6 /* Main.storyboard in Resources */,
			);
			runOnlyForDeploymentPostprocessing = 0;
		};
/* End PBXResourcesBuildPhase section */

/* Begin PBXSourcesBuildPhase section */
		DB8955A825BF4A1100741CA6 /* Sources */ = {
			isa = PBXSourcesBuildPhase;
			buildActionMask = 2147483647;
			files = (
				DB8955B425BF4A1100741CA6 /* ViewController.swift in Sources */,
				DB8955B025BF4A1100741CA6 /* AppDelegate.swift in Sources */,
				DB8955B225BF4A1100741CA6 /* SceneDelegate.swift in Sources */,
			);
			runOnlyForDeploymentPostprocessing = 0;
		};
/* End PBXSourcesBuildPhase section */

/* Begin PBXVariantGroup section */
		DB8955B525BF4A1100741CA6 /* Main.storyboard */ = {
			isa = PBXVariantGroup;
			children = (
				DB8955B625BF4A1100741CA6 /* Base */,
			);
			name = Main.storyboard;
			sourceTree = "<group>";
		};
		DB8955BA25BF4A1200741CA6 /* LaunchScreen.storyboard */ = {
			isa = PBXVariantGroup;
			children = (
				DB8955BB25BF4A1200741CA6 /* Base */,
			);
			name = LaunchScreen.storyboard;
			sourceTree = "<group>";
		};
/* End PBXVariantGroup section */

/* Begin XCBuildConfiguration section */
		DB8955BE25BF4A1200741CA6 /* Debug */ = {
			isa = XCBuildConfiguration;
			buildSettings = {
				ALWAYS_SEARCH_USER_PATHS = NO;
				CLANG_ANALYZER_NONNULL = YES;
				CLANG_ANALYZER_NUMBER_OBJECT_CONVERSION = YES_AGGRESSIVE;
				CLANG_CXX_LANGUAGE_STANDARD = "gnu++14";
				CLANG_CXX_LIBRARY = "libc++";
				CLANG_ENABLE_MODULES = YES;
				CLANG_ENABLE_OBJC_ARC = YES;
				CLANG_ENABLE_OBJC_WEAK = YES;
				CLANG_WARN_BLOCK_CAPTURE_AUTORELEASING = YES;
				CLANG_WARN_BOOL_CONVERSION = YES;
				CLANG_WARN_COMMA = YES;
				CLANG_WARN_CONSTANT_CONVERSION = YES;
				CLANG_WARN_DEPRECATED_OBJC_IMPLEMENTATIONS = YES;
				CLANG_WARN_DIRECT_OBJC_ISA_USAGE = YES_ERROR;
				CLANG_WARN_DOCUMENTATION_COMMENTS = YES;
				CLANG_WARN_EMPTY_BODY = YES;
				CLANG_WARN_ENUM_CONVERSION = YES;
				CLANG_WARN_INFINITE_RECURSION = YES;
				CLANG_WARN_INT_CONVERSION = YES;
				CLANG_WARN_NON_LITERAL_NULL_CONVERSION = YES;
				CLANG_WARN_OBJC_IMPLICIT_RETAIN_SELF = YES;
				CLANG_WARN_OBJC_LITERAL_CONVERSION = YES;
				CLANG_WARN_OBJC_ROOT_CLASS = YES_ERROR;
				CLANG_WARN_QUOTED_INCLUDE_IN_FRAMEWORK_HEADER = YES;
				CLANG_WARN_RANGE_LOOP_ANALYSIS = YES;
				CLANG_WARN_STRICT_PROTOTYPES = YES;
				CLANG_WARN_SUSPICIOUS_MOVE = YES;
				CLANG_WARN_UNGUARDED_AVAILABILITY = YES_AGGRESSIVE;
				CLANG_WARN_UNREACHABLE_CODE = YES;
				CLANG_WARN__DUPLICATE_METHOD_MATCH = YES;
				COPY_PHASE_STRIP = NO;
				DEBUG_INFORMATION_FORMAT = dwarf;
				ENABLE_STRICT_OBJC_MSGSEND = YES;
				ENABLE_TESTABILITY = YES;
				GCC_C_LANGUAGE_STANDARD = gnu11;
				GCC_DYNAMIC_NO_PIC = NO;
				GCC_NO_COMMON_BLOCKS = YES;
				GCC_OPTIMIZATION_LEVEL = 0;
				GCC_PREPROCESSOR_DEFINITIONS = (
					"DEBUG=1",
					"$(inherited)",
				);
				GCC_WARN_64_TO_32_BIT_CONVERSION = YES;
				GCC_WARN_ABOUT_RETURN_TYPE = YES_ERROR;
				GCC_WARN_UNDECLARED_SELECTOR = YES;
				GCC_WARN_UNINITIALIZED_AUTOS = YES_AGGRESSIVE;
				GCC_WARN_UNUSED_FUNCTION = YES;
				GCC_WARN_UNUSED_VARIABLE = YES;
				IPHONEOS_DEPLOYMENT_TARGET = 14.3;
				MTL_ENABLE_DEBUG_INFO = INCLUDE_SOURCE;
				MTL_FAST_MATH = YES;
				ONLY_ACTIVE_ARCH = YES;
				SDKROOT = iphoneos;
				SWIFT_ACTIVE_COMPILATION_CONDITIONS = DEBUG;
				SWIFT_OPTIMIZATION_LEVEL = "-Onone";
			};
			name = Debug;
		};
		DB8955BF25BF4A1200741CA6 /* Release */ = {
			isa = XCBuildConfiguration;
			buildSettings = {
				ALWAYS_SEARCH_USER_PATHS = NO;
				CLANG_ANALYZER_NONNULL = YES;
				CLANG_ANALYZER_NUMBER_OBJECT_CONVERSION = YES_AGGRESSIVE;
				CLANG_CXX_LANGUAGE_STANDARD = "gnu++14";
				CLANG_CXX_LIBRARY = "libc++";
				CLANG_ENABLE_MODULES = YES;
				CLANG_ENABLE_OBJC_ARC = YES;
				CLANG_ENABLE_OBJC_WEAK = YES;
				CLANG_WARN_BLOCK_CAPTURE_AUTORELEASING = YES;
				CLANG_WARN_BOOL_CONVERSION = YES;
				CLANG_WARN_COMMA = YES;
				CLANG_WARN_CONSTANT_CONVERSION = YES;
				CLANG_WARN_DEPRECATED_OBJC_IMPLEMENTATIONS = YES;
				CLANG_WARN_DIRECT_OBJC_ISA_USAGE = YES_ERROR;
				CLANG_WARN_DOCUMENTATION_COMMENTS = YES;
				CLANG_WARN_EMPTY_BODY = YES;
				CLANG_WARN_ENUM_CONVERSION = YES;
				CLANG_WARN_INFINITE_RECURSION = YES;
				CLANG_WARN_INT_CONVERSION = YES;
				CLANG_WARN_NON_LITERAL_NULL_CONVERSION = YES;
				CLANG_WARN_OBJC_IMPLICIT_RETAIN_SELF = YES;
				CLANG_WARN_OBJC_LITERAL_CONVERSION = YES;
				CLANG_WARN_OBJC_ROOT_CLASS = YES_ERROR;
				CLANG_WARN_QUOTED_INCLUDE_IN_FRAMEWORK_HEADER = YES;
				CLANG_WARN_RANGE_LOOP_ANALYSIS = YES;
				CLANG_WARN_STRICT_PROTOTYPES = YES;
				CLANG_WARN_SUSPICIOUS_MOVE = YES;
				CLANG_WARN_UNGUARDED_AVAILABILITY = YES_AGGRESSIVE;
				CLANG_WARN_UNREACHABLE_CODE = YES;
				CLANG_WARN__DUPLICATE_METHOD_MATCH = YES;
				COPY_PHASE_STRIP = NO;
				DEBUG_INFORMATION_FORMAT = "dwarf-with-dsym";
				ENABLE_NS_ASSERTIONS = NO;
				ENABLE_STRICT_OBJC_MSGSEND = YES;
				GCC_C_LANGUAGE_STANDARD = gnu11;
				GCC_NO_COMMON_BLOCKS = YES;
				GCC_WARN_64_TO_32_BIT_CONVERSION = YES;
				GCC_WARN_ABOUT_RETURN_TYPE = YES_ERROR;
				GCC_WARN_UNDECLARED_SELECTOR = YES;
				GCC_WARN_UNINITIALIZED_AUTOS = YES_AGGRESSIVE;
				GCC_WARN_UNUSED_FUNCTION = YES;
				GCC_WARN_UNUSED_VARIABLE = YES;
				IPHONEOS_DEPLOYMENT_TARGET = 14.3;
				MTL_ENABLE_DEBUG_INFO = NO;
				MTL_FAST_MATH = YES;
				SDKROOT = iphoneos;
				SWIFT_COMPILATION_MODE = wholemodule;
				SWIFT_OPTIMIZATION_LEVEL = "-O";
				VALIDATE_PRODUCT = YES;
			};
			name = Release;
		};
		DB8955C125BF4A1200741CA6 /* Debug */ = {
			isa = XCBuildConfiguration;
			buildSettings = {
				ASSETCATALOG_COMPILER_APPICON_NAME = AppIcon;
				ASSETCATALOG_COMPILER_GLOBAL_ACCENT_COLOR_NAME = AccentColor;
				CODE_SIGN_STYLE = Automatic;
				DEVELOPMENT_TEAM = Z9QZ625W6Q;
				INFOPLIST_FILE = zapEfron/Info.plist;
				LD_RUNPATH_SEARCH_PATHS = (
					"$(inherited)",
					"@executable_path/Frameworks",
				);
				PRODUCT_BUNDLE_IDENTIFIER = com.julianaprado.zapEfron;
				PRODUCT_NAME = "$(TARGET_NAME)";
				SWIFT_VERSION = 5.0;
				TARGETED_DEVICE_FAMILY = "1,2";
			};
			name = Debug;
		};
		DB8955C225BF4A1200741CA6 /* Release */ = {
			isa = XCBuildConfiguration;
			buildSettings = {
				ASSETCATALOG_COMPILER_APPICON_NAME = AppIcon;
				ASSETCATALOG_COMPILER_GLOBAL_ACCENT_COLOR_NAME = AccentColor;
				CODE_SIGN_STYLE = Automatic;
				DEVELOPMENT_TEAM = Z9QZ625W6Q;
				INFOPLIST_FILE = zapEfron/Info.plist;
				LD_RUNPATH_SEARCH_PATHS = (
					"$(inherited)",
					"@executable_path/Frameworks",
				);
				PRODUCT_BUNDLE_IDENTIFIER = com.julianaprado.zapEfron;
				PRODUCT_NAME = "$(TARGET_NAME)";
				SWIFT_VERSION = 5.0;
				TARGETED_DEVICE_FAMILY = "1,2";
			};
			name = Release;
		};
/* End XCBuildConfiguration section */

/* Begin XCConfigurationList section */
		DB8955A725BF4A1100741CA6 /* Build configuration list for PBXProject "zapEfron" */ = {
			isa = XCConfigurationList;
			buildConfigurations = (
				DB8955BE25BF4A1200741CA6 /* Debug */,
				DB8955BF25BF4A1200741CA6 /* Release */,
			);
			defaultConfigurationIsVisible = 0;
			defaultConfigurationName = Release;
		};
		DB8955C025BF4A1200741CA6 /* Build configuration list for PBXNativeTarget "zapEfron" */ = {
			isa = XCConfigurationList;
			buildConfigurations = (
				DB8955C125BF4A1200741CA6 /* Debug */,
				DB8955C225BF4A1200741CA6 /* Release */,
			);
			defaultConfigurationIsVisible = 0;
			defaultConfigurationName = Release;
		};
/* End XCConfigurationList section */
	};
	rootObject = DB8955A425BF4A1100741CA6 /* Project object */;
}
